
Microsoft Visual Studio Solution File, Format Version 12.00
# Visual Studio Version 16
VisualStudioVersion = 16.0.29728.190
MinimumVisualStudioVersion = 10.0.40219.1
Project("{FAE04EC0-301F-11D3-BF4B-00C04F79EFBC}") = "BlazorSkraApp1", "BlazorSkraApp1\BlazorSkraApp1.csproj", "{2AE87C4A-41A2-4B16-B317-96138236F253}"
EndProject
Global
	GlobalSection(SolutionConfigurationPlatforms) = preSolution
		Debug|Any CPU = Debug|Any CPU
		Release|Any CPU = Release|Any CPU
	EndGlobalSection
	GlobalSection(ProjectConfigurationPlatforms) = postSolution
		{2AE87C4A-41A2-4B16-B317-96138236F253}.Debug|Any CPU.ActiveCfg = Debug|Any CPU
		{2AE87C4A-41A2-4B16-B317-96138236F253}.Debug|Any CPU.Build.0 = Debug|Any CPU
		{2AE87C4A-41A2-4B16-B317-96138236F253}.Release|Any CPU.ActiveCfg = Release|Any CPU
		{2AE87C4A-41A2-4B16-B317-96138236F253}.Release|Any CPU.Build.0 = Release|Any CPU
	EndGlobalSection
	GlobalSection(SolutionProperties) = preSolution
		HideSolutionNode = FALSE
	EndGlobalSection
	GlobalSection(ExtensibilityGlobals) = postSolution
		SolutionGuid = {ABBD60B2-FB32-4DF1-B4FF-12C0E3F47E35}
	EndGlobalSection
EndGlobal
